
Microsoft Visual Studio Solution File, Format Version 12.00
# Visual Studio Version 17
VisualStudioVersion = 17.10.34928.147
MinimumVisualStudioVersion = 10.0.40219.1
Project("{9A19103F-16F7-4668-BE54-9A1E7A4F7556}") = "Backend", "Backend\Backend.csproj", "{1D02068F-DD2D-4CB3-A6AA-FDB150CA886B}"
EndProject
Project("{FAE04EC0-301F-11D3-BF4B-00C04F79EFBC}") = "FrontendServer", "FrontendServer\FrontendServer.csproj", "{7060231D-7E09-485E-BF42-96BC75312F48}"
EndProject
Project("{FAE04EC0-301F-11D3-BF4B-00C04F79EFBC}") = "FrontendLogin", "FrontendLogin\FrontendLogin.csproj", "{F704A0D3-38B9-4F84-9216-2FB0039981D8}"
EndProject
Project("{FAE04EC0-301F-11D3-BF4B-00C04F79EFBC}") = "Common", "Common\Common.csproj", "{171F7FB3-5B46-4A8D-B0BC-A71844AA791C}"
EndProject
Global
	GlobalSection(SolutionConfigurationPlatforms) = preSolution
		Debug|Any CPU = Debug|Any CPU
		Release|Any CPU = Release|Any CPU
	EndGlobalSection
	GlobalSection(ProjectConfigurationPlatforms) = postSolution
		{1D02068F-DD2D-4CB3-A6AA-FDB150CA886B}.Debug|Any CPU.ActiveCfg = Debug|Any CPU
		{1D02068F-DD2D-4CB3-A6AA-FDB150CA886B}.Debug|Any CPU.Build.0 = Debug|Any CPU
		{1D02068F-DD2D-4CB3-A6AA-FDB150CA886B}.Release|Any CPU.ActiveCfg = Release|Any CPU
		{1D02068F-DD2D-4CB3-A6AA-FDB150CA886B}.Release|Any CPU.Build.0 = Release|Any CPU
		{7060231D-7E09-485E-BF42-96BC75312F48}.Debug|Any CPU.ActiveCfg = Debug|Any CPU
		{7060231D-7E09-485E-BF42-96BC75312F48}.Debug|Any CPU.Build.0 = Debug|Any CPU
		{7060231D-7E09-485E-BF42-96BC75312F48}.Release|Any CPU.ActiveCfg = Release|Any CPU
		{7060231D-7E09-485E-BF42-96BC75312F48}.Release|Any CPU.Build.0 = Release|Any CPU
		{F704A0D3-38B9-4F84-9216-2FB0039981D8}.Debug|Any CPU.ActiveCfg = Debug|Any CPU
		{F704A0D3-38B9-4F84-9216-2FB0039981D8}.Debug|Any CPU.Build.0 = Debug|Any CPU
		{F704A0D3-38B9-4F84-9216-2FB0039981D8}.Release|Any CPU.ActiveCfg = Release|Any CPU
		{F704A0D3-38B9-4F84-9216-2FB0039981D8}.Release|Any CPU.Build.0 = Release|Any CPU
		{171F7FB3-5B46-4A8D-B0BC-A71844AA791C}.Debug|Any CPU.ActiveCfg = Debug|Any CPU
		{171F7FB3-5B46-4A8D-B0BC-A71844AA791C}.Debug|Any CPU.Build.0 = Debug|Any CPU
		{171F7FB3-5B46-4A8D-B0BC-A71844AA791C}.Release|Any CPU.ActiveCfg = Release|Any CPU
		{171F7FB3-5B46-4A8D-B0BC-A71844AA791C}.Release|Any CPU.Build.0 = Release|Any CPU
	EndGlobalSection
	GlobalSection(SolutionProperties) = preSolution
		HideSolutionNode = FALSE
	EndGlobalSection
	GlobalSection(ExtensibilityGlobals) = postSolution
		SolutionGuid = {EF21BAF8-CC81-46D6-8487-F79C2CA5B473}
	EndGlobalSection
EndGlobal
